{
  "name": "cordova-plugin-bluetooth-serial",
  "version": "0.4.7",
  "lockfileVersion": 3,
  "requires": true,
  "packages": {
    "": {
      "name": "cordova-plugin-bluetooth-serial",
      "version": "0.4.7",
      "license": "Apache-2.0",
      "dependencies": {
        "cordova-plugin-bluetooth-serial": "github:silviumarinca/BluetoothSerial"
      }
    },
    "node_modules/cordova-plugin-bluetooth-serial": {
      "version": "0.4.7",
      "resolved": "git+ssh://git@github.com/silviumarinca/BluetoothSerial.git#69e4dd4e93084176a8ba64c3d51c5c0e4faa3c64",
      "license": "Apache-2.0"
    }
  }
}
